
Microsoft Visual Studio Solution File, Format Version 12.00
# Visual Studio Version 16
VisualStudioVersion = 16.0.30717.126
MinimumVisualStudioVersion = 10.0.40219.1
Project("{FAE04EC0-301F-11D3-BF4B-00C04F79EFBC}") = "FizzBuzz", "ConsoleApp1\FizzBuzz.csproj", "{4F0B0EFB-F62D-4EFB-A0B5-4C1DDBC913D2}"
EndProject
Project("{FAE04EC0-301F-11D3-BF4B-00C04F79EFBC}") = "FizzBuzzTest", "FizzBuzzTest\FizzBuzzTest.csproj", "{0093CC58-FC8D-40CC-930B-AE39F9013CDC}"
EndProject
Global
	GlobalSection(SolutionConfigurationPlatforms) = preSolution
		Debug|Any CPU = Debug|Any CPU
		Release|Any CPU = Release|Any CPU
	EndGlobalSection
	GlobalSection(ProjectConfigurationPlatforms) = postSolution
		{4F0B0EFB-F62D-4EFB-A0B5-4C1DDBC913D2}.Debug|Any CPU.ActiveCfg = Debug|Any CPU
		{4F0B0EFB-F62D-4EFB-A0B5-4C1DDBC913D2}.Debug|Any CPU.Build.0 = Debug|Any CPU
		{4F0B0EFB-F62D-4EFB-A0B5-4C1DDBC913D2}.Release|Any CPU.ActiveCfg = Release|Any CPU
		{4F0B0EFB-F62D-4EFB-A0B5-4C1DDBC913D2}.Release|Any CPU.Build.0 = Release|Any CPU
		{0093CC58-FC8D-40CC-930B-AE39F9013CDC}.Debug|Any CPU.ActiveCfg = Debug|Any CPU
		{0093CC58-FC8D-40CC-930B-AE39F9013CDC}.Debug|Any CPU.Build.0 = Debug|Any CPU
		{0093CC58-FC8D-40CC-930B-AE39F9013CDC}.Release|Any CPU.ActiveCfg = Release|Any CPU
		{0093CC58-FC8D-40CC-930B-AE39F9013CDC}.Release|Any CPU.Build.0 = Release|Any CPU
	EndGlobalSection
	GlobalSection(SolutionProperties) = preSolution
		HideSolutionNode = FALSE
	EndGlobalSection
	GlobalSection(ExtensibilityGlobals) = postSolution
		SolutionGuid = {A45903A6-7337-40C9-B480-DE5A354491FC}
	EndGlobalSection
EndGlobal
