
Microsoft Visual Studio Solution File, Format Version 12.00
# Visual Studio Version 16
VisualStudioVersion = 16.0.30717.126
MinimumVisualStudioVersion = 10.0.40219.1
Project("{9A19103F-16F7-4668-BE54-9A1E7A4F7556}") = "FizzBuzz", "FizzBuzz\FizzBuzz.csproj", "{4F0B0EFB-F62D-4EFB-A0B5-4C1DDBC913D2}"
EndProject
Project("{9A19103F-16F7-4668-BE54-9A1E7A4F7556}") = "FizzBuzzTest", "FizzBuzzTest\FizzBuzzTest.csproj", "{1C388B0E-2216-48BB-A0E8-E60E037F9EAD}"
EndProject
Global
	GlobalSection(SolutionConfigurationPlatforms) = preSolution
		Debug|Any CPU = Debug|Any CPU
		Release|Any CPU = Release|Any CPU
	EndGlobalSection
	GlobalSection(ProjectConfigurationPlatforms) = postSolution
		{4F0B0EFB-F62D-4EFB-A0B5-4C1DDBC913D2}.Debug|Any CPU.ActiveCfg = Debug|Any CPU
		{4F0B0EFB-F62D-4EFB-A0B5-4C1DDBC913D2}.Debug|Any CPU.Build.0 = Debug|Any CPU
		{4F0B0EFB-F62D-4EFB-A0B5-4C1DDBC913D2}.Release|Any CPU.ActiveCfg = Release|Any CPU
		{4F0B0EFB-F62D-4EFB-A0B5-4C1DDBC913D2}.Release|Any CPU.Build.0 = Release|Any CPU
		{1C388B0E-2216-48BB-A0E8-E60E037F9EAD}.Debug|Any CPU.ActiveCfg = Debug|Any CPU
		{1C388B0E-2216-48BB-A0E8-E60E037F9EAD}.Debug|Any CPU.Build.0 = Debug|Any CPU
		{1C388B0E-2216-48BB-A0E8-E60E037F9EAD}.Release|Any CPU.ActiveCfg = Release|Any CPU
		{1C388B0E-2216-48BB-A0E8-E60E037F9EAD}.Release|Any CPU.Build.0 = Release|Any CPU
	EndGlobalSection
	GlobalSection(SolutionProperties) = preSolution
		HideSolutionNode = FALSE
	EndGlobalSection
	GlobalSection(ExtensibilityGlobals) = postSolution
		SolutionGuid = {A45903A6-7337-40C9-B480-DE5A354491FC}
	EndGlobalSection
EndGlobal
